// !$*UTF8*$!
{
	archiveVersion = 1;
	classes = {
	};
	objectVersion = 46;
	objects = {

/* Begin PBXBuildFile section */
		229FE9C61BE440D100620CA7 /* libssl.dylib in Frameworks */ = {isa = PBXBuildFile; fileRef = 229FE9C51BE440D100620CA7 /* libssl.dylib */; };
		229FE9C81BE440D500620CA7 /* libcrypto.dylib in Frameworks */ = {isa = PBXBuildFile; fileRef = 229FE9C71BE440D500620CA7 /* libcrypto.dylib */; };
		229FE9CA1BE4415600620CA7 /* libboost_system.dylib in Frameworks */ = {isa = PBXBuildFile; fileRef = 229FE9C91BE4415600620CA7 /* libboost_system.dylib */; };
		229FE9CC1BE441BB00620CA7 /* libnghttp2_asio.dylib in Frameworks */ = {isa = PBXBuildFile; fileRef = 229FE9CB1BE441BB00620CA7 /* libnghttp2_asio.dylib */; };
		229FE9CE1BE4420C00620CA7 /* libhiredis.dylib in Frameworks */ = {isa = PBXBuildFile; fileRef = 229FE9CD1BE4420C00620CA7 /* libhiredis.dylib */; };
		229FE9D21BE449AF00620CA7 /* udrawd.cpp in Sources */ = {isa = PBXBuildFile; fileRef = 229FE9D11BE449AF00620CA7 /* udrawd.cpp */; };
/* End PBXBuildFile section */

/* Begin PBXCopyFilesBuildPhase section */
		229FE9B91BE43B8400620CA7 /* CopyFiles */ = {
			isa = PBXCopyFilesBuildPhase;
			buildActionMask = 2147483647;
			dstPath = /usr/share/man/man1/;
			dstSubfolderSpec = 0;
			files = (
			);
			runOnlyForDeploymentPostprocessing = 1;
		};
/* End PBXCopyFilesBuildPhase section */

/* Begin PBXFileReference section */
		229FE9BB1BE43B8400620CA7 /* udrawd */ = {isa = PBXFileReference; explicitFileType = "compiled.mach-o.executable"; includeInIndex = 0; path = udrawd; sourceTree = BUILT_PRODUCTS_DIR; };
		229FE9C51BE440D100620CA7 /* libssl.dylib */ = {isa = PBXFileReference; lastKnownFileType = "compiled.mach-o.dylib"; name = libssl.dylib; path = ../../../../../usr/local/Cellar/openssl/1.0.2d_1/lib/libssl.dylib; sourceTree = "<group>"; };
		229FE9C71BE440D500620CA7 /* libcrypto.dylib */ = {isa = PBXFileReference; lastKnownFileType = "compiled.mach-o.dylib"; name = libcrypto.dylib; path = ../../../../../usr/local/Cellar/openssl/1.0.2d_1/lib/libcrypto.dylib; sourceTree = "<group>"; };
		229FE9C91BE4415600620CA7 /* libboost_system.dylib */ = {isa = PBXFileReference; lastKnownFileType = "compiled.mach-o.dylib"; name = libboost_system.dylib; path = ../../../../../usr/local/lib/libboost_system.dylib; sourceTree = "<group>"; };
		229FE9CB1BE441BB00620CA7 /* libnghttp2_asio.dylib */ = {isa = PBXFileReference; lastKnownFileType = "compiled.mach-o.dylib"; name = libnghttp2_asio.dylib; path = ../../../../../usr/local/lib/libnghttp2_asio.dylib; sourceTree = "<group>"; };
		229FE9CD1BE4420C00620CA7 /* libhiredis.dylib */ = {isa = PBXFileReference; lastKnownFileType = "compiled.mach-o.dylib"; name = libhiredis.dylib; path = ../../../../../usr/local/lib/libhiredis.dylib; sourceTree = "<group>"; };
		229FE9D11BE449AF00620CA7 /* udrawd.cpp */ = {isa = PBXFileReference; fileEncoding = 4; lastKnownFileType = sourcecode.cpp.cpp; path = udrawd.cpp; sourceTree = "<group>"; };
		229FE9D31BE449D700620CA7 /* PrefixHeader.pch */ = {isa = PBXFileReference; fileEncoding = 4; lastKnownFileType = sourcecode.c.h; path = PrefixHeader.pch; sourceTree = "<group>"; };
/* End PBXFileReference section */

/* Begin PBXFrameworksBuildPhase section */
		229FE9B81BE43B8400620CA7 /* Frameworks */ = {
			isa = PBXFrameworksBuildPhase;
			buildActionMask = 2147483647;
			files = (
				229FE9C61BE440D100620CA7 /* libssl.dylib in Frameworks */,
				229FE9CE1BE4420C00620CA7 /* libhiredis.dylib in Frameworks */,
				229FE9C81BE440D500620CA7 /* libcrypto.dylib in Frameworks */,
				229FE9CC1BE441BB00620CA7 /* libnghttp2_asio.dylib in Frameworks */,
				229FE9CA1BE4415600620CA7 /* libboost_system.dylib in Frameworks */,
			);
			runOnlyForDeploymentPostprocessing = 0;
		};
/* End PBXFrameworksBuildPhase section */

/* Begin PBXGroup section */
		229FE9B21BE43B8400620CA7 = {
			isa = PBXGroup;
			children = (
				229FE9CD1BE4420C00620CA7 /* libhiredis.dylib */,
				229FE9CB1BE441BB00620CA7 /* libnghttp2_asio.dylib */,
				229FE9C91BE4415600620CA7 /* libboost_system.dylib */,
				229FE9C71BE440D500620CA7 /* libcrypto.dylib */,
				229FE9C51BE440D100620CA7 /* libssl.dylib */,
				229FE9D01BE4498600620CA7 /* udrawd */,
				229FE9BC1BE43B8400620CA7 /* Products */,
			);
			sourceTree = "<group>";
		};
		229FE9BC1BE43B8400620CA7 /* Products */ = {
			isa = PBXGroup;
			children = (
				229FE9BB1BE43B8400620CA7 /* udrawd */,
			);
			name = Products;
			sourceTree = "<group>";
		};
		229FE9D01BE4498600620CA7 /* udrawd */ = {
			isa = PBXGroup;
			children = (
				229FE9D11BE449AF00620CA7 /* udrawd.cpp */,
				229FE9D31BE449D700620CA7 /* PrefixHeader.pch */,
			);
			name = udrawd;
			sourceTree = "<group>";
		};
/* End PBXGroup section */

/* Begin PBXNativeTarget section */
		229FE9BA1BE43B8400620CA7 /* udrawd */ = {
			isa = PBXNativeTarget;
			buildConfigurationList = 229FE9C21BE43B8400620CA7 /* Build configuration list for PBXNativeTarget "udrawd" */;
			buildPhases = (
				229FE9B71BE43B8400620CA7 /* Sources */,
				229FE9B81BE43B8400620CA7 /* Frameworks */,
				229FE9B91BE43B8400620CA7 /* CopyFiles */,
			);
			buildRules = (
			);
			dependencies = (
			);
			name = udrawd;
			productName = xudrawd;
			productReference = 229FE9BB1BE43B8400620CA7 /* udrawd */;
			productType = "com.apple.product-type.tool";
		};
/* End PBXNativeTarget section */

/* Begin PBXProject section */
		229FE9B31BE43B8400620CA7 /* Project object */ = {
			isa = PBXProject;
			attributes = {
				LastUpgradeCheck = 0710;
				ORGANIZATIONNAME = "Tim Sullivan";
				TargetAttributes = {
					229FE9BA1BE43B8400620CA7 = {
						CreatedOnToolsVersion = 7.1;
					};
				};
			};
			buildConfigurationList = 229FE9B61BE43B8400620CA7 /* Build configuration list for PBXProject "udrawd" */;
			compatibilityVersion = "Xcode 3.2";
			developmentRegion = English;
			hasScannedForEncodings = 0;
			knownRegions = (
				en,
			);
			mainGroup = 229FE9B21BE43B8400620CA7;
			productRefGroup = 229FE9BC1BE43B8400620CA7 /* Products */;
			projectDirPath = "";
			projectRoot = "";
			targets = (
				229FE9BA1BE43B8400620CA7 /* udrawd */,
			);
		};
/* End PBXProject section */

/* Begin PBXSourcesBuildPhase section */
		229FE9B71BE43B8400620CA7 /* Sources */ = {
			isa = PBXSourcesBuildPhase;
			buildActionMask = 2147483647;
			files = (
				229FE9D21BE449AF00620CA7 /* udrawd.cpp in Sources */,
			);
			runOnlyForDeploymentPostprocessing = 0;
		};
/* End PBXSourcesBuildPhase section */

/* Begin XCBuildConfiguration section */
		229FE9C01BE43B8400620CA7 /* Debug */ = {
			isa = XCBuildConfiguration;
			buildSettings = {
				ALWAYS_SEARCH_USER_PATHS = NO;
				CLANG_CXX_LANGUAGE_STANDARD = "gnu++0x";
				CLANG_CXX_LIBRARY = "libc++";
				CLANG_ENABLE_MODULES = YES;
				CLANG_ENABLE_OBJC_ARC = YES;
				CLANG_WARN_BOOL_CONVERSION = YES;
				CLANG_WARN_CONSTANT_CONVERSION = YES;
				CLANG_WARN_DIRECT_OBJC_ISA_USAGE = YES_ERROR;
				CLANG_WARN_EMPTY_BODY = YES;
				CLANG_WARN_ENUM_CONVERSION = YES;
				CLANG_WARN_INT_CONVERSION = YES;
				CLANG_WARN_OBJC_ROOT_CLASS = YES_ERROR;
				CLANG_WARN_UNREACHABLE_CODE = YES;
				CLANG_WARN__DUPLICATE_METHOD_MATCH = YES;
				CODE_SIGN_IDENTITY = "-";
				COPY_PHASE_STRIP = NO;
				DEBUG_INFORMATION_FORMAT = dwarf;
				ENABLE_STRICT_OBJC_MSGSEND = YES;
				ENABLE_TESTABILITY = YES;
				GCC_C_LANGUAGE_STANDARD = gnu99;
				GCC_DYNAMIC_NO_PIC = NO;
				GCC_NO_COMMON_BLOCKS = YES;
				GCC_OPTIMIZATION_LEVEL = 0;
				GCC_PREPROCESSOR_DEFINITIONS = (
					"DEBUG=1",
					"$(inherited)",
				);
				GCC_WARN_64_TO_32_BIT_CONVERSION = YES;
				GCC_WARN_ABOUT_RETURN_TYPE = YES_ERROR;
				GCC_WARN_UNDECLARED_SELECTOR = YES;
				GCC_WARN_UNINITIALIZED_AUTOS = YES_AGGRESSIVE;
				GCC_WARN_UNUSED_FUNCTION = YES;
				GCC_WARN_UNUSED_VARIABLE = YES;
				MACOSX_DEPLOYMENT_TARGET = 10.11;
				MTL_ENABLE_DEBUG_INFO = YES;
				ONLY_ACTIVE_ARCH = YES;
				SDKROOT = macosx;
			};
			name = Debug;
		};
		229FE9C11BE43B8400620CA7 /* Release */ = {
			isa = XCBuildConfiguration;
			buildSettings = {
				ALWAYS_SEARCH_USER_PATHS = NO;
				CLANG_CXX_LANGUAGE_STANDARD = "gnu++0x";
				CLANG_CXX_LIBRARY = "libc++";
				CLANG_ENABLE_MODULES = YES;
				CLANG_ENABLE_OBJC_ARC = YES;
				CLANG_WARN_BOOL_CONVERSION = YES;
				CLANG_WARN_CONSTANT_CONVERSION = YES;
				CLANG_WARN_DIRECT_OBJC_ISA_USAGE = YES_ERROR;
				CLANG_WARN_EMPTY_BODY = YES;
				CLANG_WARN_ENUM_CONVERSION = YES;
				CLANG_WARN_INT_CONVERSION = YES;
				CLANG_WARN_OBJC_ROOT_CLASS = YES_ERROR;
				CLANG_WARN_UNREACHABLE_CODE = YES;
				CLANG_WARN__DUPLICATE_METHOD_MATCH = YES;
				CODE_SIGN_IDENTITY = "-";
				COPY_PHASE_STRIP = NO;
				DEBUG_INFORMATION_FORMAT = "dwarf-with-dsym";
				ENABLE_NS_ASSERTIONS = NO;
				ENABLE_STRICT_OBJC_MSGSEND = YES;
				GCC_C_LANGUAGE_STANDARD = gnu99;
				GCC_NO_COMMON_BLOCKS = YES;
				GCC_WARN_64_TO_32_BIT_CONVERSION = YES;
				GCC_WARN_ABOUT_RETURN_TYPE = YES_ERROR;
				GCC_WARN_UNDECLARED_SELECTOR = YES;
				GCC_WARN_UNINITIALIZED_AUTOS = YES_AGGRESSIVE;
				GCC_WARN_UNUSED_FUNCTION = YES;
				GCC_WARN_UNUSED_VARIABLE = YES;
				MACOSX_DEPLOYMENT_TARGET = 10.11;
				MTL_ENABLE_DEBUG_INFO = NO;
				SDKROOT = macosx;
			};
			name = Release;
		};
		229FE9C31BE43B8400620CA7 /* Debug */ = {
			isa = XCBuildConfiguration;
			buildSettings = {
				GCC_PRECOMPILE_PREFIX_HEADER = YES;
				GCC_PREFIX_HEADER = PrefixHeader.pch;
				HEADER_SEARCH_PATHS = (
					/usr/local/include,
					/usr/local/opt/openssl/include,
				);
				LIBRARY_SEARCH_PATHS = (
					/usr/local/lib,
					/usr/local/opt/openssl/lib,
					/usr/local/Cellar/openssl/1.0.2d_1/lib,
				);
				PRODUCT_NAME = udrawd;
			};
			name = Debug;
		};
		229FE9C41BE43B8400620CA7 /* Release */ = {
			isa = XCBuildConfiguration;
			buildSettings = {
				GCC_PRECOMPILE_PREFIX_HEADER = YES;
				GCC_PREFIX_HEADER = PrefixHeader.pch;
				HEADER_SEARCH_PATHS = (
					/usr/local/include,
					/usr/local/opt/openssl/include,
				);
				LIBRARY_SEARCH_PATHS = (
					/usr/local/lib,
					/usr/local/opt/openssl/lib,
					/usr/local/Cellar/openssl/1.0.2d_1/lib,
				);
				PRODUCT_NAME = udrawd;
			};
			name = Release;
		};
/* End XCBuildConfiguration section */

/* Begin XCConfigurationList section */
		229FE9B61BE43B8400620CA7 /* Build configuration list for PBXProject "udrawd" */ = {
			isa = XCConfigurationList;
			buildConfigurations = (
				229FE9C01BE43B8400620CA7 /* Debug */,
				229FE9C11BE43B8400620CA7 /* Release */,
			);
			defaultConfigurationIsVisible = 0;
			defaultConfigurationName = Release;
		};
		229FE9C21BE43B8400620CA7 /* Build configuration list for PBXNativeTarget "udrawd" */ = {
			isa = XCConfigurationList;
			buildConfigurations = (
				229FE9C31BE43B8400620CA7 /* Debug */,
				229FE9C41BE43B8400620CA7 /* Release */,
			);
			defaultConfigurationIsVisible = 0;
			defaultConfigurationName = Release;
		};
/* End XCConfigurationList section */
	};
	rootObject = 229FE9B31BE43B8400620CA7 /* Project object */;
}
